
Microsoft Visual Studio Solution File, Format Version 12.00
# Visual Studio Version 17
VisualStudioVersion = 17.0.31903.59
MinimumVisualStudioVersion = 10.0.40219.1
Project("{FAE04EC0-301F-11D3-BF4B-00C04F79EFBC}") = "FileBrowser", "FileBrowser\FileBrowser.csproj", "{73847F0B-D9F1-4071-B6EA-B98824019D04}"
EndProject
Global
	GlobalSection(SolutionConfigurationPlatforms) = preSolution
		Debug|Any CPU = Debug|Any CPU
		Release|Any CPU = Release|Any CPU
	EndGlobalSection
	GlobalSection(ProjectConfigurationPlatforms) = postSolution
		{73847F0B-D9F1-4071-B6EA-B98824019D04}.Debug|Any CPU.ActiveCfg = Debug|Any CPU
		{73847F0B-D9F1-4071-B6EA-B98824019D04}.Debug|Any CPU.Build.0 = Debug|Any CPU
		{73847F0B-D9F1-4071-B6EA-B98824019D04}.Release|Any CPU.ActiveCfg = Release|Any CPU
		{73847F0B-D9F1-4071-B6EA-B98824019D04}.Release|Any CPU.Build.0 = Release|Any CPU
	EndGlobalSection
	GlobalSection(SolutionProperties) = preSolution
		HideSolutionNode = FALSE
	EndGlobalSection
	GlobalSection(ExtensibilityGlobals) = postSolution
		SolutionGuid = {496A6A76-F022-4B78-80C5-DC72BCAF0C6C}
	EndGlobalSection
EndGlobal
